
Microsoft Visual Studio Solution File, Format Version 12.00
# Visual Studio 14
VisualStudioVersion = 14.0.25420.1
MinimumVisualStudioVersion = 10.0.40219.1
Project("{FAE04EC0-301F-11D3-BF4B-00C04F79EFBC}") = "ConsoleApplication1", "ConsoleApplication1\ConsoleApplication1.csproj", "{FEA8E99B-3095-486F-8CBF-8C15831EA55D}"
EndProject
Project("{FAE04EC0-301F-11D3-BF4B-00C04F79EFBC}") = "BagOfWords", "BagOfWords\BagOfWords.csproj", "{DF038CA7-9564-4EDE-9F3D-0EC2F57AF844}"
EndProject
Global
	GlobalSection(SolutionConfigurationPlatforms) = preSolution
		Debug|Any CPU = Debug|Any CPU
		Release|Any CPU = Release|Any CPU
	EndGlobalSection
	GlobalSection(ProjectConfigurationPlatforms) = postSolution
		{FEA8E99B-3095-486F-8CBF-8C15831EA55D}.Debug|Any CPU.ActiveCfg = Debug|Any CPU
		{FEA8E99B-3095-486F-8CBF-8C15831EA55D}.Debug|Any CPU.Build.0 = Debug|Any CPU
		{FEA8E99B-3095-486F-8CBF-8C15831EA55D}.Release|Any CPU.ActiveCfg = Release|Any CPU
		{FEA8E99B-3095-486F-8CBF-8C15831EA55D}.Release|Any CPU.Build.0 = Release|Any CPU
		{DF038CA7-9564-4EDE-9F3D-0EC2F57AF844}.Debug|Any CPU.ActiveCfg = Debug|Any CPU
		{DF038CA7-9564-4EDE-9F3D-0EC2F57AF844}.Debug|Any CPU.Build.0 = Debug|Any CPU
		{DF038CA7-9564-4EDE-9F3D-0EC2F57AF844}.Release|Any CPU.ActiveCfg = Release|Any CPU
		{DF038CA7-9564-4EDE-9F3D-0EC2F57AF844}.Release|Any CPU.Build.0 = Release|Any CPU
	EndGlobalSection
	GlobalSection(SolutionProperties) = preSolution
		HideSolutionNode = FALSE
	EndGlobalSection
EndGlobal
